
Microsoft Visual Studio Solution File, Format Version 12.00
# Visual Studio Version 16
VisualStudioVersion = 16.0.32510.428
MinimumVisualStudioVersion = 10.0.40219.1
Project("{9A19103F-16F7-4668-BE54-9A1E7A4F7556}") = "TextRpg", "TextRpg\TextRpg.csproj", "{55833CC6-81A7-492A-95DB-79AEDBCF50E5}"
EndProject
Project("{9A19103F-16F7-4668-BE54-9A1E7A4F7556}") = "Constructor", "Constructor\Constructor.csproj", "{F23AE6C0-F1F8-44BA-8CEF-0C0FD15C2884}"
EndProject
Project("{9A19103F-16F7-4668-BE54-9A1E7A4F7556}") = "Inherit", "Inherit\Inherit.csproj", "{B9F67FFF-9278-4A86-AA64-C9BF94987E16}"
EndProject
Project("{9A19103F-16F7-4668-BE54-9A1E7A4F7556}") = "Encapsulation", "Encapsulation\Encapsulation.csproj", "{A5747147-A71B-4949-A5D8-C90FA3FEC75E}"
EndProject
Project("{9A19103F-16F7-4668-BE54-9A1E7A4F7556}") = "Polymorphism", "Polymorphism\Polymorphism.csproj", "{E1B37D25-C579-4425-B7B3-A4A78E6BD0A7}"
EndProject
Project("{9A19103F-16F7-4668-BE54-9A1E7A4F7556}") = "String", "String\String.csproj", "{AD4CB682-81FF-4711-A9DB-8004D74F9FC7}"
EndProject
Project("{9A19103F-16F7-4668-BE54-9A1E7A4F7556}") = "TextRpgOOP", "TextRpgOOP\TextRpgOOP.csproj", "{660B3A42-AE2A-4094-9CDE-6C640A05EAF6}"
EndProject
Project("{9A19103F-16F7-4668-BE54-9A1E7A4F7556}") = "Array", "Array\Array.csproj", "{108678F9-548F-4459-BA9D-AA96CD190B8C}"
EndProject
Project("{9A19103F-16F7-4668-BE54-9A1E7A4F7556}") = "multy_array", "multy_array\multy_array.csproj", "{28E8D3DC-B932-4323-97EA-D120D36507E2}"
EndProject
Project("{9A19103F-16F7-4668-BE54-9A1E7A4F7556}") = "List", "List\List.csproj", "{643BC3C1-0445-4AFF-8CBF-0B7ED93572B2}"
EndProject
Project("{FAE04EC0-301F-11D3-BF4B-00C04F79EFBC}") = "Dic", "Dic\Dic.csproj", "{7E6504F5-C8B6-4BDA-9052-1B72281029DE}"
EndProject
Project("{FAE04EC0-301F-11D3-BF4B-00C04F79EFBC}") = "Generic", "Generic\Generic.csproj", "{71C910DF-6719-4D77-8C43-6497D4675DE7}"
EndProject
Project("{FAE04EC0-301F-11D3-BF4B-00C04F79EFBC}") = "Interface", "Interface\Interface.csproj", "{06C5FDB3-DF97-477E-9D2C-9C2139317D94}"
EndProject
Project("{FAE04EC0-301F-11D3-BF4B-00C04F79EFBC}") = "Property", "Property\Property.csproj", "{F0C352F6-39DF-41E0-8AE1-C06A06E28349}"
EndProject
Project("{FAE04EC0-301F-11D3-BF4B-00C04F79EFBC}") = "Delegate", "Delegate\Delegate.csproj", "{9779DF04-BB45-49BA-A7F1-CD581FE6A26A}"
EndProject
Project("{FAE04EC0-301F-11D3-BF4B-00C04F79EFBC}") = "Event", "Event\Event.csproj", "{A3DFD482-21B4-4D4A-B55D-49D469081164}"
EndProject
Project("{FAE04EC0-301F-11D3-BF4B-00C04F79EFBC}") = "Lamda", "Lamda\Lamda.csproj", "{36778B88-1FC1-4AC6-A281-838B4D6EEFAC}"
EndProject
Global
	GlobalSection(SolutionConfigurationPlatforms) = preSolution
		Debug|Any CPU = Debug|Any CPU
		Release|Any CPU = Release|Any CPU
	EndGlobalSection
	GlobalSection(ProjectConfigurationPlatforms) = postSolution
		{55833CC6-81A7-492A-95DB-79AEDBCF50E5}.Debug|Any CPU.ActiveCfg = Debug|Any CPU
		{55833CC6-81A7-492A-95DB-79AEDBCF50E5}.Debug|Any CPU.Build.0 = Debug|Any CPU
		{55833CC6-81A7-492A-95DB-79AEDBCF50E5}.Release|Any CPU.ActiveCfg = Release|Any CPU
		{55833CC6-81A7-492A-95DB-79AEDBCF50E5}.Release|Any CPU.Build.0 = Release|Any CPU
		{F23AE6C0-F1F8-44BA-8CEF-0C0FD15C2884}.Debug|Any CPU.ActiveCfg = Debug|Any CPU
		{F23AE6C0-F1F8-44BA-8CEF-0C0FD15C2884}.Debug|Any CPU.Build.0 = Debug|Any CPU
		{F23AE6C0-F1F8-44BA-8CEF-0C0FD15C2884}.Release|Any CPU.ActiveCfg = Release|Any CPU
		{F23AE6C0-F1F8-44BA-8CEF-0C0FD15C2884}.Release|Any CPU.Build.0 = Release|Any CPU
		{B9F67FFF-9278-4A86-AA64-C9BF94987E16}.Debug|Any CPU.ActiveCfg = Debug|Any CPU
		{B9F67FFF-9278-4A86-AA64-C9BF94987E16}.Debug|Any CPU.Build.0 = Debug|Any CPU
		{B9F67FFF-9278-4A86-AA64-C9BF94987E16}.Release|Any CPU.ActiveCfg = Release|Any CPU
		{B9F67FFF-9278-4A86-AA64-C9BF94987E16}.Release|Any CPU.Build.0 = Release|Any CPU
		{A5747147-A71B-4949-A5D8-C90FA3FEC75E}.Debug|Any CPU.ActiveCfg = Debug|Any CPU
		{A5747147-A71B-4949-A5D8-C90FA3FEC75E}.Debug|Any CPU.Build.0 = Debug|Any CPU
		{A5747147-A71B-4949-A5D8-C90FA3FEC75E}.Release|Any CPU.ActiveCfg = Release|Any CPU
		{A5747147-A71B-4949-A5D8-C90FA3FEC75E}.Release|Any CPU.Build.0 = Release|Any CPU
		{E1B37D25-C579-4425-B7B3-A4A78E6BD0A7}.Debug|Any CPU.ActiveCfg = Debug|Any CPU
		{E1B37D25-C579-4425-B7B3-A4A78E6BD0A7}.Debug|Any CPU.Build.0 = Debug|Any CPU
		{E1B37D25-C579-4425-B7B3-A4A78E6BD0A7}.Release|Any CPU.ActiveCfg = Release|Any CPU
		{E1B37D25-C579-4425-B7B3-A4A78E6BD0A7}.Release|Any CPU.Build.0 = Release|Any CPU
		{AD4CB682-81FF-4711-A9DB-8004D74F9FC7}.Debug|Any CPU.ActiveCfg = Debug|Any CPU
		{AD4CB682-81FF-4711-A9DB-8004D74F9FC7}.Debug|Any CPU.Build.0 = Debug|Any CPU
		{AD4CB682-81FF-4711-A9DB-8004D74F9FC7}.Release|Any CPU.ActiveCfg = Release|Any CPU
		{AD4CB682-81FF-4711-A9DB-8004D74F9FC7}.Release|Any CPU.Build.0 = Release|Any CPU
		{660B3A42-AE2A-4094-9CDE-6C640A05EAF6}.Debug|Any CPU.ActiveCfg = Debug|Any CPU
		{660B3A42-AE2A-4094-9CDE-6C640A05EAF6}.Debug|Any CPU.Build.0 = Debug|Any CPU
		{660B3A42-AE2A-4094-9CDE-6C640A05EAF6}.Release|Any CPU.ActiveCfg = Release|Any CPU
		{660B3A42-AE2A-4094-9CDE-6C640A05EAF6}.Release|Any CPU.Build.0 = Release|Any CPU
		{108678F9-548F-4459-BA9D-AA96CD190B8C}.Debug|Any CPU.ActiveCfg = Debug|Any CPU
		{108678F9-548F-4459-BA9D-AA96CD190B8C}.Debug|Any CPU.Build.0 = Debug|Any CPU
		{108678F9-548F-4459-BA9D-AA96CD190B8C}.Release|Any CPU.ActiveCfg = Release|Any CPU
		{108678F9-548F-4459-BA9D-AA96CD190B8C}.Release|Any CPU.Build.0 = Release|Any CPU
		{28E8D3DC-B932-4323-97EA-D120D36507E2}.Debug|Any CPU.ActiveCfg = Debug|Any CPU
		{28E8D3DC-B932-4323-97EA-D120D36507E2}.Debug|Any CPU.Build.0 = Debug|Any CPU
		{28E8D3DC-B932-4323-97EA-D120D36507E2}.Release|Any CPU.ActiveCfg = Release|Any CPU
		{28E8D3DC-B932-4323-97EA-D120D36507E2}.Release|Any CPU.Build.0 = Release|Any CPU
		{643BC3C1-0445-4AFF-8CBF-0B7ED93572B2}.Debug|Any CPU.ActiveCfg = Debug|Any CPU
		{643BC3C1-0445-4AFF-8CBF-0B7ED93572B2}.Debug|Any CPU.Build.0 = Debug|Any CPU
		{643BC3C1-0445-4AFF-8CBF-0B7ED93572B2}.Release|Any CPU.ActiveCfg = Release|Any CPU
		{643BC3C1-0445-4AFF-8CBF-0B7ED93572B2}.Release|Any CPU.Build.0 = Release|Any CPU
		{7E6504F5-C8B6-4BDA-9052-1B72281029DE}.Debug|Any CPU.ActiveCfg = Debug|Any CPU
		{7E6504F5-C8B6-4BDA-9052-1B72281029DE}.Debug|Any CPU.Build.0 = Debug|Any CPU
		{7E6504F5-C8B6-4BDA-9052-1B72281029DE}.Release|Any CPU.ActiveCfg = Release|Any CPU
		{7E6504F5-C8B6-4BDA-9052-1B72281029DE}.Release|Any CPU.Build.0 = Release|Any CPU
		{71C910DF-6719-4D77-8C43-6497D4675DE7}.Debug|Any CPU.ActiveCfg = Debug|Any CPU
		{71C910DF-6719-4D77-8C43-6497D4675DE7}.Debug|Any CPU.Build.0 = Debug|Any CPU
		{71C910DF-6719-4D77-8C43-6497D4675DE7}.Release|Any CPU.ActiveCfg = Release|Any CPU
		{71C910DF-6719-4D77-8C43-6497D4675DE7}.Release|Any CPU.Build.0 = Release|Any CPU
		{06C5FDB3-DF97-477E-9D2C-9C2139317D94}.Debug|Any CPU.ActiveCfg = Debug|Any CPU
		{06C5FDB3-DF97-477E-9D2C-9C2139317D94}.Debug|Any CPU.Build.0 = Debug|Any CPU
		{06C5FDB3-DF97-477E-9D2C-9C2139317D94}.Release|Any CPU.ActiveCfg = Release|Any CPU
		{06C5FDB3-DF97-477E-9D2C-9C2139317D94}.Release|Any CPU.Build.0 = Release|Any CPU
		{F0C352F6-39DF-41E0-8AE1-C06A06E28349}.Debug|Any CPU.ActiveCfg = Debug|Any CPU
		{F0C352F6-39DF-41E0-8AE1-C06A06E28349}.Debug|Any CPU.Build.0 = Debug|Any CPU
		{F0C352F6-39DF-41E0-8AE1-C06A06E28349}.Release|Any CPU.ActiveCfg = Release|Any CPU
		{F0C352F6-39DF-41E0-8AE1-C06A06E28349}.Release|Any CPU.Build.0 = Release|Any CPU
		{9779DF04-BB45-49BA-A7F1-CD581FE6A26A}.Debug|Any CPU.ActiveCfg = Debug|Any CPU
		{9779DF04-BB45-49BA-A7F1-CD581FE6A26A}.Debug|Any CPU.Build.0 = Debug|Any CPU
		{9779DF04-BB45-49BA-A7F1-CD581FE6A26A}.Release|Any CPU.ActiveCfg = Release|Any CPU
		{9779DF04-BB45-49BA-A7F1-CD581FE6A26A}.Release|Any CPU.Build.0 = Release|Any CPU
		{A3DFD482-21B4-4D4A-B55D-49D469081164}.Debug|Any CPU.ActiveCfg = Debug|Any CPU
		{A3DFD482-21B4-4D4A-B55D-49D469081164}.Debug|Any CPU.Build.0 = Debug|Any CPU
		{A3DFD482-21B4-4D4A-B55D-49D469081164}.Release|Any CPU.ActiveCfg = Release|Any CPU
		{A3DFD482-21B4-4D4A-B55D-49D469081164}.Release|Any CPU.Build.0 = Release|Any CPU
		{36778B88-1FC1-4AC6-A281-838B4D6EEFAC}.Debug|Any CPU.ActiveCfg = Debug|Any CPU
		{36778B88-1FC1-4AC6-A281-838B4D6EEFAC}.Debug|Any CPU.Build.0 = Debug|Any CPU
		{36778B88-1FC1-4AC6-A281-838B4D6EEFAC}.Release|Any CPU.ActiveCfg = Release|Any CPU
		{36778B88-1FC1-4AC6-A281-838B4D6EEFAC}.Release|Any CPU.Build.0 = Release|Any CPU
	EndGlobalSection
	GlobalSection(SolutionProperties) = preSolution
		HideSolutionNode = FALSE
	EndGlobalSection
	GlobalSection(ExtensibilityGlobals) = postSolution
		SolutionGuid = {B1E2D173-17EF-4DFB-88A0-62C1811F171A}
	EndGlobalSection
EndGlobal
